{
  "lockfileVersion": 1,
  "configVersion": 1,
  "workspaces": {
    "": {
      "name": "tine",
      "devDependencies": {
        "@biomejs/biome": "2.5.7",
        "@happy-dom/global-registrator": "^20.11.1",
        "@types/bun": "^1.3.14",
        "@withfig/autocomplete": "2.692.3",
      },
    },
    "packages/api-bindings": {
      "name": "@tine/api-bindings",
      "version": "0.2.0",
      "dependencies": {
        "@bufbuild/protobuf": "2.4.0",
        "@tine/proto": "workspace:^",
      },
      "devDependencies": {
        "@biomejs/biome": "2.5.7",
        "@tine/tsconfig": "workspace:^",
        "@tsconfig/recommended": "^1.0.8",
        "@types/node": "^22.15.20",
        "@typescript/analyze-trace": "^0.10.1",
        "ts-morph": "^26.0.0",
        "typescript": "^7.0.2",
      },
    },
    "packages/api-bindings-wrappers": {
      "name": "@tine/api-bindings-wrappers",
      "version": "0.2.0",
      "dependencies": {
        "@tine/api-bindings": "workspace:~",
        "loglevel": "^1.9.2",
      },
      "devDependencies": {
        "@biomejs/biome": "2.5.7",
        "@tine/shared": "workspace:^",
        "@tine/tsconfig": "workspace:^",
        "@tine/types": "workspace:^",
        "@withfig/autocomplete-types": "^1.31.0",
        "typescript": "^7.0.2",
      },
    },
    "packages/autocomplete": {
      "name": "@tine/autocomplete",
      "version": "1.0.0",
      "dependencies": {
        "@fig/autocomplete-shared": "^1.1.2",
        "@tine/api-bindings": "workspace:~",
        "@tine/api-bindings-wrappers": "workspace:^",
        "@tine/autocomplete-parser": "workspace:^",
        "@tine/shell-parser": "workspace:^",
        "loglevel": "^1.9.2",
        "util": "^0.12.5",
      },
      "devDependencies": {
        "@biomejs/biome": "2.5.7",
        "@tine/fuzzysort": "workspace:^",
        "@tine/shared": "workspace:^",
        "@tine/types": "workspace:^",
        "@types/node": "^22.15.20",
        "@withfig/autocomplete-types": "^1.31.0",
        "typescript": "^7.0.2",
      },
    },
    "packages/autocomplete-parser": {
      "name": "@tine/autocomplete-parser",
      "version": "0.2.0",
      "dependencies": {
        "@fig/autocomplete-generators": "^2.4.0",
        "@fig/autocomplete-helpers": "^2.0.0",
        "@fig/autocomplete-shared": "^1.1.2",
        "@tine/api-bindings": "workspace:^",
        "@tine/api-bindings-wrappers": "workspace:^",
        "@tine/shell-parser": "workspace:^",
        "loglevel": "^1.9.2",
        "semver": "^7.7.2",
        "zod": "^3.25.7",
      },
      "devDependencies": {
        "@biomejs/biome": "2.5.7",
        "@tine/shared": "workspace:^",
        "@tine/tsconfig": "workspace:^",
        "@tine/types": "workspace:^",
        "@types/semver": "^7.7.0",
        "@withfig/autocomplete-types": "^1.31.0",
        "typescript": "^7.0.2",
      },
    },
    "packages/fuzzysort": {
      "name": "@tine/fuzzysort",
      "version": "0.1.0",
    },
    "packages/shared": {
      "name": "@tine/shared",
      "version": "0.1.0",
      "dependencies": {
        "@fig/autocomplete-shared": "^1.1.2",
      },
      "devDependencies": {
        "@biomejs/biome": "2.5.7",
        "@tine/fuzzysort": "workspace:^",
        "@tine/tsconfig": "workspace:^",
        "@tine/types": "workspace:^",
        "@withfig/autocomplete-types": "^1.31.0",
        "typescript": "^7.0.2",
      },
    },
    "packages/shell-parser": {
      "name": "@tine/shell-parser",
      "version": "0.1.0",
      "dependencies": {
        "@tine/shared": "workspace:^",
      },
      "devDependencies": {
        "@biomejs/biome": "2.5.7",
        "@tine/tsconfig": "workspace:^",
        "typescript": "^7.0.2",
      },
    },
    "packages/tsconfig": {
      "name": "@tine/tsconfig",
      "version": "0.1.0",
      "peerDependencies": {
        "typescript": "*",
      },
    },
    "packages/types": {
      "name": "@tine/types",
      "version": "0.1.0",
    },
    "proto": {
      "name": "@tine/proto",
      "version": "0.2.0",
      "dependencies": {
        "@bufbuild/protobuf": "2.4.0",
      },
      "devDependencies": {
        "@bufbuild/buf": "^1.54.0",
        "@bufbuild/protoc-gen-es": "^2.2.5",
        "@tine/tsconfig": "workspace:^",
        "typescript": "^7.0.2",
      },
    },
  },
  "packages": {
    "@biomejs/biome": ["@biomejs/biome@2.5.7", "", { "optionalDependencies": { "@biomejs/cli-darwin-arm64": "2.5.7", "@biomejs/cli-darwin-x64": "2.5.7", "@biomejs/cli-linux-arm64": "2.5.7", "@biomejs/cli-linux-arm64-musl": "2.5.7", "@biomejs/cli-linux-x64": "2.5.7", "@biomejs/cli-linux-x64-musl": "2.5.7", "@biomejs/cli-win32-arm64": "2.5.7", "@biomejs/cli-win32-x64": "2.5.7" }, "bin": { "biome": "bin/biome" } }, "sha512-zr8K/DcY5tYsQOQwqMJ0AWElo6QgmgNI7idXgXLhevVszlt8RGVpesEJPqx3ThazLaOwjJ5Y8fz3BtH5fGZNsw=="],

    "@biomejs/cli-darwin-arm64": ["@biomejs/cli-darwin-arm64@2.5.7", "", { "os": "darwin", "cpu": "arm64" }, "sha512-vxo/Ls3/PYdQWyLhYYcgMOCzQypAjcY+iihS8M0wW03l16TCLW4zqZzGo75gm1VdCMj38hTVZ31KBWrZ4G9dJw=="],

    "@biomejs/cli-darwin-x64": ["@biomejs/cli-darwin-x64@2.5.7", "", { "os": "darwin", "cpu": "x64" }, "sha512-Cd3Ga61amT/Yl/0x8elP5hhGYaFy4bw6WuysTgf7oo8TA5tJ5A1k+DkVoJ2BHbTVil51gTX9VPzArnrlLJ3Kyg=="],

    "@biomejs/cli-linux-arm64": ["@biomejs/cli-linux-arm64@2.5.7", "", { "os": "linux", "cpu": "arm64" }, "sha512-rR2QE0yF2GYSuYuKIa7pKvODGJqnOH+2eDREAM8wV+mWKSkMQKdAp4zXEZfTaxY8PMoNONnpgSWcBCyLDPDOKg=="],

    "@biomejs/cli-linux-arm64-musl": ["@biomejs/cli-linux-arm64-musl@2.5.7", "", { "os": "linux", "cpu": "arm64" }, "sha512-xPI5yB6XlpDbNkS+bm1t42olw5c4l3UrlOmLg7KtLJvjvkNF/1V4tnUgfkylGIeb3u/T+BzMGYqgQhzjAoJzuQ=="],

    "@biomejs/cli-linux-x64": ["@biomejs/cli-linux-x64@2.5.7", "", { "os": "linux", "cpu": "x64" }, "sha512-FQgqJhscrqJUFptGaRSUJWlXAExwWcDwLuK49dvKfkQ1bB5SEEyFssnsxQY83Xm6jR0EbbX3+8+D5bfvYqUG2Q=="],

    "@biomejs/cli-linux-x64-musl": ["@biomejs/cli-linux-x64-musl@2.5.7", "", { "os": "linux", "cpu": "x64" }, "sha512-rE5VZi+qtmPgQH+l7jVxYoZ18b/TiHEhulhMpjmCZH1PltSbjRcxNWywC3HZ9tYottG7ORkeTtoscBilKSBm0g=="],

    "@biomejs/cli-win32-arm64": ["@biomejs/cli-win32-arm64@2.5.7", "", { "os": "win32", "cpu": "arm64" }, "sha512-Oq4x0CCwP4jirrcTywXs5kOGZ4v5vuEP+gWrbtjApOA2CL9F3F9GlIdQIci8AKSCa/zURanMRpX/4wQ7Am6hHg=="],

    "@biomejs/cli-win32-x64": ["@biomejs/cli-win32-x64@2.5.7", "", { "os": "win32", "cpu": "x64" }, "sha512-V+0wu/nrj2S+MhP4EQ0uHNolP0IALEsz45pg0WoKkHfDeh0+ItHwP/p7bX5RPoMOl9NkpHYWdYPhIcy2mACHvQ=="],

    "@bufbuild/buf": ["@bufbuild/buf@1.54.0", "", { "optionalDependencies": { "@bufbuild/buf-darwin-arm64": "1.54.0", "@bufbuild/buf-darwin-x64": "1.54.0", "@bufbuild/buf-linux-aarch64": "1.54.0", "@bufbuild/buf-linux-armv7": "1.54.0", "@bufbuild/buf-linux-x64": "1.54.0", "@bufbuild/buf-win32-arm64": "1.54.0", "@bufbuild/buf-win32-x64": "1.54.0" }, "bin": { "buf": "bin/buf", "protoc-gen-buf-lint": "bin/protoc-gen-buf-lint", "protoc-gen-buf-breaking": "bin/protoc-gen-buf-breaking" } }, "sha512-UkjZmVslA7YAxhUQVxE2O4HX4qD7aMspjkuG3vsjnvmAkiV6Jhz47z3focCuPI28e59H20TiQNhc9Y3fkffWPw=="],

    "@bufbuild/buf-darwin-arm64": ["@bufbuild/buf-darwin-arm64@1.54.0", "", { "os": "darwin", "cpu": "arm64" }, "sha512-MkwlxcuHH8YO2wyQ2nGAv5SwBRCR4PtA8zcQb7AR6q93Cgy314ac8blGjfpenprjI3kAAhxc9BQK4t+/hkIS/A=="],

    "@bufbuild/buf-darwin-x64": ["@bufbuild/buf-darwin-x64@1.54.0", "", { "os": "darwin", "cpu": "x64" }, "sha512-59Z+6BxvVwBbcpLOAwD8TLobngb9YUvUZ1nnP1IyIJnay/tIY+yfmgAdgMwm3VUZlbaFlURGmD34UAwEsxodGQ=="],

    "@bufbuild/buf-linux-aarch64": ["@bufbuild/buf-linux-aarch64@1.54.0", "", { "os": "linux", "cpu": "arm64" }, "sha512-cUbvujfoAQGsnRH/+UfKxt0Hfe6PGHjM/gLiC2Kgv8fcoIWjPJMBBgdl/TLbq1QrVcCXSvMc16hW5ias7Jdyfw=="],

    "@bufbuild/buf-linux-armv7": ["@bufbuild/buf-linux-armv7@1.54.0", "", { "os": "linux", "cpu": "arm" }, "sha512-xdKjzPsOo6E2eth3uGIRoVG9TpPVHOUucr0MeCRVhM2hb5gbM8KQLn6iDxVGbQFq6eL2qe+B0b8k9HfuwzirWA=="],

    "@bufbuild/buf-linux-x64": ["@bufbuild/buf-linux-x64@1.54.0", "", { "os": "linux", "cpu": "x64" }, "sha512-ZnfaE5GLAhyvR/ponDgG+s6FbtMEm+RaS2f0EoBLORYC7sK/Elfmw2Q0XcjHyEl83u4hELCqej9T0eUxbgxtow=="],

    "@bufbuild/buf-win32-arm64": ["@bufbuild/buf-win32-arm64@1.54.0", "", { "os": "win32", "cpu": "arm64" }, "sha512-N5YlX8c6p+KZIWYmx03viYF/FLuY5GyzHgor17nuJUYhF1xFyIJL8v4mhqcQ8Pq0xua9IyRwmSxHJKyrdNatcg=="],

    "@bufbuild/buf-win32-x64": ["@bufbuild/buf-win32-x64@1.54.0", "", { "os": "win32", "cpu": "x64" }, "sha512-PepTA9RcLCjukQhFPFBqKXF9mVwct+ZSBeuLjFuUVcHovdGUZXspNTb5LnuIDjWXx2fcALs0xb/FNUNd6pNjbA=="],

    "@bufbuild/protobuf": ["@bufbuild/protobuf@2.4.0", "", {}, "sha512-RN9M76x7N11QRihKovEglEjjVCQEA9PRBVnDgk9xw8JHLrcUrp4FpAVSPSH91cNbcTft3u2vpLN4GMbiKY9PJw=="],

    "@bufbuild/protoc-gen-es": ["@bufbuild/protoc-gen-es@2.2.5", "", { "dependencies": { "@bufbuild/protoplugin": "2.2.5" }, "optionalDependencies": { "@bufbuild/protobuf": "2.4.0" }, "bin": { "protoc-gen-es": "bin/protoc-gen-es" } }, "sha512-81dI1PLMQXUkvCUH1fKJEZsx+G69LvU/0BOFeqxotFpCFEC/jTu1Ka1ViIEGT5U1r51udRs20kHZTlkR9zwfAA=="],

    "@bufbuild/protoplugin": ["@bufbuild/protoplugin@2.2.5", "", { "dependencies": { "@bufbuild/protobuf": "2.2.5", "@typescript/vfs": "1.6.1", "typescript": "5.4.5" } }, "sha512-Z68KTDLiidUYoJ8kjs6YfhK8r58W93pOFIfGqlnK1RZQTQRtbH6WRWjSqtuiy4WjJpJZ5qE0lKtFGR+bHU8Vaw=="],

    "@fig/autocomplete-generators": ["@fig/autocomplete-generators@2.4.0", "", {}, "sha512-fiaaCGmsgnbUJbVbNAcVDmrnCGj/SmfarK6WKt/lfQP9k1hLHkkmZQ836VSMJvPP1vAKFAiXpdJziG6EGyjAYg=="],

    "@fig/autocomplete-helpers": ["@fig/autocomplete-helpers@2.0.0", "", { "dependencies": { "semver": "7.6.3" } }, "sha512-lzD9LbpvJC3hXwxvLAb91/AwO83lfIhW4dEITAn1wINKHaHOmP39wU82Q25bKp8A6/UMcF6Iobik/R4sUZmgNA=="],

    "@fig/autocomplete-shared": ["@fig/autocomplete-shared@1.1.2", "", {}, "sha512-RUdSGkxv6+RkZJPD8B6Yq4i6qKHBym4VL8noLOscn1n8o6DXkZAmJtg5MEdMMUwBAZO04eTo1+xKQ0YkPs9w2Q=="],

    "@happy-dom/global-registrator": ["@happy-dom/global-registrator@20.11.1", "", { "dependencies": { "@types/node": ">=20.0.0", "happy-dom": "^20.11.1" } }, "sha512-1C0wwHiyMlEdsbrJqff5ORE2PwaXBOam5rMqkZVOReAezd5nt6Tl/WGg28UAo75Ziuwchs0KaF8lvnn2oAtvJA=="],

    "@nodelib/fs.scandir": ["@nodelib/fs.scandir@2.1.5", "", { "dependencies": { "@nodelib/fs.stat": "2.0.5", "run-parallel": "1.2.0" } }, "sha512-vq24Bq3ym5HEQm2NKCr3yXDwjc7vTsEThRDnkp2DK9p1uqLR+DHurm/NOTo0KG7HYHU7eppKZj3MyqYuMBf62g=="],

    "@nodelib/fs.stat": ["@nodelib/fs.stat@2.0.5", "", {}, "sha512-RkhPPp2zrqDAQA/2jNhnztcPAlv64XdhIp7a7454A5ovI7Bukxgt7MX7udwAu3zg1DcpPU0rz3VV1SeaqvY4+A=="],

    "@nodelib/fs.walk": ["@nodelib/fs.walk@1.2.8", "", { "dependencies": { "@nodelib/fs.scandir": "2.1.5", "fastq": "1.18.0" } }, "sha512-oGB+UxlgWcgQkgwo8GcEGwemoTFt3FIO9ababBmaGwXIoBKZ+GTy0pP185beGg7Llih/NSHSV2XAs1lnznocSg=="],

    "@tine/api-bindings": ["@tine/api-bindings@workspace:packages/api-bindings"],

    "@tine/api-bindings-wrappers": ["@tine/api-bindings-wrappers@workspace:packages/api-bindings-wrappers"],

    "@tine/autocomplete": ["@tine/autocomplete@workspace:packages/autocomplete"],

    "@tine/autocomplete-parser": ["@tine/autocomplete-parser@workspace:packages/autocomplete-parser"],

    "@tine/fuzzysort": ["@tine/fuzzysort@workspace:packages/fuzzysort"],

    "@tine/proto": ["@tine/proto@workspace:proto"],

    "@tine/shared": ["@tine/shared@workspace:packages/shared"],

    "@tine/shell-parser": ["@tine/shell-parser@workspace:packages/shell-parser"],

    "@tine/tsconfig": ["@tine/tsconfig@workspace:packages/tsconfig"],

    "@tine/types": ["@tine/types@workspace:packages/types"],

    "@ts-morph/common": ["@ts-morph/common@0.27.0", "", { "dependencies": { "fast-glob": "3.3.3", "minimatch": "10.0.1", "path-browserify": "1.0.1" } }, "sha512-Wf29UqxWDpc+i61k3oIOzcUfQt79PIT9y/MWfAGlrkjg6lBC1hwDECLXPVJAhWjiGbfBCxZd65F/LIZF3+jeJQ=="],

    "@tsconfig/recommended": ["@tsconfig/recommended@1.0.8", "", {}, "sha512-TotjFaaXveVUdsrXCdalyF6E5RyG6+7hHHQVZonQtdlk1rJZ1myDIvPUUKPhoYv+JAzThb2lQJh9+9ZfF46hsA=="],

    "@types/bun": ["@types/bun@1.3.14", "", { "dependencies": { "bun-types": "1.3.14" } }, "sha512-h1hFqFVcvAvD9j9K7ZW7vd82aSA+rTdznZa+5bwvCwqSB1jmmfLcbIWhOLx1/+boy/xmjgCs/OMUL8hRJSmnPw=="],

    "@types/node": ["@types/node@22.15.20", "", { "dependencies": { "undici-types": "6.21.0" } }, "sha512-A6BohGFRGHAscJsTslDCA9JG7qSJr/DWUvrvY8yi9IgnGtMxCyat7vvQ//MFa0DnLsyuS3wYTpLdw4Hf+Q5JXw=="],

    "@types/semver": ["@types/semver@7.7.0", "", {}, "sha512-k107IF4+Xr7UHjwDc7Cfd6PRQfbdkiRabXGRjo07b4WyPahFBZCZ1sE+BNxYIJPPg73UkfOsVOLwqVc/6ETrIA=="],

    "@types/whatwg-mimetype": ["@types/whatwg-mimetype@3.0.2", "", {}, "sha512-c2AKvDT8ToxLIOUlN51gTiHXflsfIFisS4pO7pDPoKouJCESkhZnEy623gwP9laCy5lnLDAw1vAzu2vM2YLOrA=="],

    "@types/ws": ["@types/ws@8.18.1", "", { "dependencies": { "@types/node": "*" } }, "sha512-ThVF6DCVhA8kUGy+aazFQ4kXQ7E1Ty7A3ypFOe0IcJV8O/M511G99AW24irKrW56Wt44yG9+ij8FaqoBGkuBXg=="],

    "@typescript/analyze-trace": ["@typescript/analyze-trace@0.10.1", "", { "dependencies": { "chalk": "4.1.2", "exit": "0.1.2", "jsonparse": "1.3.1", "jsonstream-next": "3.0.0", "p-limit": "3.1.0", "split2": "3.2.2", "treeify": "1.1.0", "yargs": "16.2.0" }, "bin": { "analyze-trace": "bin/analyze-trace", "print-trace-types": "bin/print-trace-types", "simplify-trace-types": "bin/simplify-trace-types" } }, "sha512-RnlSOPh14QbopGCApgkSx5UBgGda5MX1cHqp2fsqfiDyCwGL/m1jaeB9fzu7didVS81LQqGZZuxFBcg8YU8EVw=="],

    "@typescript/typescript-aix-ppc64": ["@typescript/typescript-aix-ppc64@7.0.2", "", { "os": "aix", "cpu": "ppc64" }, "sha512-MTKKkWB7p/0E9xi1d1tHtZ5PiLkGEMIq88pK2CubZjOsLtYTLqhgIgi6zepFa+9GHZ6h05NMCkQxGKiPXMxXtQ=="],

    "@typescript/typescript-darwin-arm64": ["@typescript/typescript-darwin-arm64@7.0.2", "", { "os": "darwin", "cpu": "arm64" }, "sha512-gowzar9MwS/aRWp6f3a4KUqzRjAZjOsmGNCM6LcTgXum+dBfgsBVMN+AgvOCCbguXyick6LJhpBszxMebJ8syA=="],

    "@typescript/typescript-darwin-x64": ["@typescript/typescript-darwin-x64@7.0.2", "", { "os": "darwin", "cpu": "x64" }, "sha512-SZ9xZInqApNlNGc9s0W1VSsktYSOe9cFqNOIqmN1Gs8SmkjKZYFt017G4VwPxASInODuAdbTW7sXiFUf893RgA=="],

    "@typescript/typescript-freebsd-arm64": ["@typescript/typescript-freebsd-arm64@7.0.2", "", { "os": "freebsd", "cpu": "arm64" }, "sha512-W5NH4y/J0plIIS5b2xvTEkU7JFxyqdMAOgf+Ilhl0vHQXKO5dZoxd+C/jEtq56c4F3wk71RB4BMRQ2XdI+bwYQ=="],

    "@typescript/typescript-freebsd-x64": ["@typescript/typescript-freebsd-x64@7.0.2", "", { "os": "freebsd", "cpu": "x64" }, "sha512-UMGDx5sTpzNw3WiPebH7l90IWfJggEd+egHt/q6p7/Cm3zqoV7VxkGXt+3DxPIw8CcmvAB0j3sVVfbhX+M4Tpw=="],

    "@typescript/typescript-linux-arm": ["@typescript/typescript-linux-arm@7.0.2", "", { "os": "linux", "cpu": "arm" }, "sha512-gffT3xPz9sR7j/YJExkyPntrI0P2EP9XbOyWzth2/Gs0RstK+90RBcO0ncXoXy/beYll1SXw846Nf2zdnEz0QQ=="],

    "@typescript/typescript-linux-arm64": ["@typescript/typescript-linux-arm64@7.0.2", "", { "os": "linux", "cpu": "arm64" }, "sha512-Qh4eU4/y3yDjnfjjyPYihMj5/ODIlmt+Bzu17OI+fiSRDW57QmU5SiN63exPRNJPKUzcc1INa1NXdrJ+MqHjUQ=="],

    "@typescript/typescript-linux-loong64": ["@typescript/typescript-linux-loong64@7.0.2", "", { "os": "linux", "cpu": "none" }, "sha512-uEHck9i8hoAzXPiYRib1O7miOnz23SxIeVl6F4LXox+qov1K35jHcEW6VHKvZI+pyvl7fZEP4MCU5LYvIq1GuQ=="],

    "@typescript/typescript-linux-mips64el": ["@typescript/typescript-linux-mips64el@7.0.2", "", { "os": "linux", "cpu": "none" }, "sha512-R4KvAMnE43W5Qeqb0Ly56O3mWMWIAgsMyz36DCaycd5nbg/9kzm0liw3JocfRqyJY0KPmzFjbswozXyW0DnIYA=="],

    "@typescript/typescript-linux-ppc64": ["@typescript/typescript-linux-ppc64@7.0.2", "", { "os": "linux", "cpu": "ppc64" }, "sha512-DORx5b3sd/4S7eayxm4FQv+A7CrkUIGRaHiwI8oiHTAI1fAPWhF4J0vAlkC8biAlHSVVwxMQ3tjZ2/DVbnQiiA=="],

    "@typescript/typescript-linux-riscv64": ["@typescript/typescript-linux-riscv64@7.0.2", "", { "os": "linux", "cpu": "none" }, "sha512-wf0jqEDOjrPRnKwYRyyJDRo11KMbvMFrU+q4zqKyChODBzvlkbhNQfKvLxQCcwTpdDaXSHZTVuh0JoCrKCUMHQ=="],

    "@typescript/typescript-linux-s390x": ["@typescript/typescript-linux-s390x@7.0.2", "", { "os": "linux", "cpu": "s390x" }, "sha512-IkwJc3L7yhytWd/ewjyxNDfOmswCm9GWMJT/ue/dU4aZNbwZeYAetq42VyLmsmSjvoX7z74X6ZaYCtzAr0EuGw=="],

    "@typescript/typescript-linux-x64": ["@typescript/typescript-linux-x64@7.0.2", "", { "os": "linux", "cpu": "x64" }, "sha512-EYdf2cNg7rgCWJnxCdJ+F3V39O8ihb37eHAu1LK8oAFizgTQbPOK7zHHXbPt8rX24COqODXeI3sIf0fCXG7H/A=="],

    "@typescript/typescript-netbsd-arm64": ["@typescript/typescript-netbsd-arm64@7.0.2", "", { "os": "none", "cpu": "arm64" }, "sha512-+polYF4MF04aPpO5FTkHran9yUQDSXqy5GiSDKpsll5jy3l3+g9QLhpf39T+ePtefhXLOGrLl0QIjkQP6VnelA=="],

    "@typescript/typescript-netbsd-x64": ["@typescript/typescript-netbsd-x64@7.0.2", "", { "os": "none", "cpu": "x64" }, "sha512-8YIT0EHM/3dq10ZOVF/A7pc/YSMtbcecct4rWtexrnSCHOPcpC2KTLXfTCR6vDpnSiY12heNb1GiN/wu+T/FyA=="],

    "@typescript/typescript-openbsd-arm64": ["@typescript/typescript-openbsd-arm64@7.0.2", "", { "os": "openbsd", "cpu": "arm64" }, "sha512-APT8+ClYnuYm1u9+kgGXoMj2VzWzcymwh2gNSQVySHfkRDGOTVkoWLjCmOQSaO+PoqQ57B0flRp9SA+7GnnkzQ=="],

    "@typescript/typescript-openbsd-x64": ["@typescript/typescript-openbsd-x64@7.0.2", "", { "os": "openbsd", "cpu": "x64" }, "sha512-yX7s+Q0Dln0Dt9tEzZsAjXXR/+ytBM7AlglaqyeMPxQszJ1JhlJdZ6jLA+IzldHtflX81em7lDao1xXu+aRRkg=="],

    "@typescript/typescript-sunos-x64": ["@typescript/typescript-sunos-x64@7.0.2", "", { "os": "sunos", "cpu": "x64" }, "sha512-dLJDGaLZ1D4HPQn62u1n8mBDkJREwMsAkCdkwd4Ieqw+x3TUyTsqY0YiBCtE6H6OzzgGk3iuZ3vFWRS+E8/d1g=="],

    "@typescript/typescript-win32-arm64": ["@typescript/typescript-win32-arm64@7.0.2", "", { "os": "win32", "cpu": "arm64" }, "sha512-Gyl1Vy6OsWesLzmq+EP0Fb7b4Nid5232AvcA2SFcdYreldpNtYFFofPjnt62y9hQy7VTaZp65ICJjuAQRaVcIQ=="],

    "@typescript/typescript-win32-x64": ["@typescript/typescript-win32-x64@7.0.2", "", { "os": "win32", "cpu": "x64" }, "sha512-0BQ3HkAHHlKLSp1qRvf3SUhGpGsDuhB/jgFw75guyqbxJqEaS0Cw/VFO8i2nHglJUzQCRtMMR/IBAKE3ETMC4g=="],

    "@typescript/vfs": ["@typescript/vfs@1.6.1", "", { "dependencies": { "debug": "4.4.1" }, "peerDependencies": { "typescript": "5.4.5" } }, "sha512-JwoxboBh7Oz1v38tPbkrZ62ZXNHAk9bJ7c9x0eI5zBfBnBYGhURdbnh7Z4smN/MV48Y5OCcZb58n972UtbazsA=="],

    "@withfig/autocomplete": ["@withfig/autocomplete@2.692.3", "", { "dependencies": { "@fig/autocomplete-generators": "2.4.0", "@fig/autocomplete-helpers": "1.0.7", "semver": "7.7.2", "strip-json-comments": "5.0.3", "yaml": "2.7.1" } }, "sha512-zxN7K8W+qWGc2ejWksd92xwAyCZ0faHvnk3c7jUoWkkk5e5iQf3/4mOLheFvYLoUWR5a36571VJ1DdyxmAWJZA=="],

    "@withfig/autocomplete-types": ["@withfig/autocomplete-types@1.31.0", "", {}, "sha512-TSZDo5jvEaeIHqmHY6Wkd3gBqVbxcHQVdkF6N1J8CXRBuQZpjUVci15/HPNYe0nKLvsomBWIRsTP3m1zr9pv3A=="],

    "ansi-regex": ["ansi-regex@5.0.1", "", {}, "sha512-quJQXlTSUGL2LH9SUXo8VwsY4soanhgo6LNSm84E1LBcE8s3O0wpdiRzyR9z/ZZJMlMWv37qOOb9pdJlMUEKFQ=="],

    "ansi-styles": ["ansi-styles@4.3.0", "", { "dependencies": { "color-convert": "2.0.1" } }, "sha512-zbB9rCJAT1rbjiVDb2hqKFHNYLxgtk8NURxZ3IZwD3F6NtxbXZQCnnSi1Lkx+IDohdPlFp222wVALIheZJQSEg=="],

    "available-typed-arrays": ["available-typed-arrays@1.0.7", "", { "dependencies": { "possible-typed-array-names": "1.0.0" } }, "sha512-wvUjBtSGN7+7SjNpq/9M2Tg350UZD3q62IFZLbRAR1bSMlCo1ZaeW+BJ+D090e4hIIZLBcTDWe4Mh4jvUDajzQ=="],

    "balanced-match": ["balanced-match@1.0.2", "", {}, "sha512-3oSeUO0TMV67hN1AmbXsK4yaqU7tjiHlbxRDZOpH0KW9+CeX4bRAaX0Anxt0tx2MrpRpWwQaPwIlISEJhYU5Pw=="],

    "brace-expansion": ["brace-expansion@2.0.1", "", { "dependencies": { "balanced-match": "1.0.2" } }, "sha512-XnAIvQ8eM+kC6aULx6wuQiwVsnzsi9d3WxzV3FpWTGA19F621kwdbsAcFKXgKUHZWsy+mY6iL1sHTxWEFCytDA=="],

    "braces": ["braces@3.0.3", "", { "dependencies": { "fill-range": "7.1.1" } }, "sha512-yQbXgO/OSZVD2IsiLlro+7Hf6Q18EJrKSEsdoMzKePKXct3gvD8oLcOQdIzGupr5Fj+EDe8gO/lxc1BzfMpxvA=="],

    "buffer-image-size": ["buffer-image-size@0.6.4", "", { "dependencies": { "@types/node": "*" } }, "sha512-nEh+kZOPY1w+gcCMobZ6ETUp9WfibndnosbpwB1iJk/8Gt5ZF2bhS6+B6bPYz424KtwsR6Rflc3tCz1/ghX2dQ=="],

    "bun-types": ["bun-types@1.3.14", "", { "dependencies": { "@types/node": "*" } }, "sha512-4N0ig0fEomHt5R0KCFWjovxow98rIoRwKolrYdCcknNwMekCXRnWEUvgu5soYV8QXtVsrUD8B95MBOZGPvr6KQ=="],

    "call-bind": ["call-bind@1.0.8", "", { "dependencies": { "call-bind-apply-helpers": "1.0.1", "es-define-property": "1.0.1", "get-intrinsic": "1.2.7", "set-function-length": "1.2.2" } }, "sha512-oKlSFMcMwpUg2ednkhQ454wfWiU/ul3CkJe/PEHcTKuiX6RpbehUiFMXu13HalGZxfUwCQzZG747YXBn1im9ww=="],

    "call-bind-apply-helpers": ["call-bind-apply-helpers@1.0.1", "", { "dependencies": { "es-errors": "1.3.0", "function-bind": "1.1.2" } }, "sha512-BhYE+WDaywFg2TBWYNXAE+8B1ATnThNBqXHP5nQu0jWJdVvY2hvkpyB3qOmtmDePiS5/BDQ8wASEWGMWRG148g=="],

    "call-bound": ["call-bound@1.0.3", "", { "dependencies": { "call-bind-apply-helpers": "1.0.1", "get-intrinsic": "1.2.7" } }, "sha512-YTd+6wGlNlPxSuri7Y6X8tY2dmm12UMH66RpKMhiX6rsk5wXXnYgbUcOt8kiS31/AjfoTOvCsE+w8nZQLQnzHA=="],

    "chalk": ["chalk@4.1.2", "", { "dependencies": { "ansi-styles": "4.3.0", "supports-color": "7.2.0" } }, "sha512-oKnbhFyRIXpUuez8iBMmyEa4nbj4IOQyuhc/wy9kY7/WVPcwIO9VA668Pu8RkO7+0G76SLROeyw9CpQ061i4mA=="],

    "cliui": ["cliui@7.0.4", "", { "dependencies": { "string-width": "4.2.3", "strip-ansi": "6.0.1", "wrap-ansi": "7.0.0" } }, "sha512-OcRE68cOsVMXp1Yvonl/fzkQOyjLSu/8bhPDfQt0e0/Eb283TKP20Fs2MqoPsr9SwA595rRCA+QMzYc9nBP+JQ=="],

    "code-block-writer": ["code-block-writer@13.0.3", "", {}, "sha512-Oofo0pq3IKnsFtuHqSF7TqBfr71aeyZDVJ0HpmqB7FBM2qEigL0iPONSCZSO9pE9dZTAxANe5XHG9Uy0YMv8cg=="],

    "color-convert": ["color-convert@2.0.1", "", { "dependencies": { "color-name": "1.1.4" } }, "sha512-RRECPsj7iu/xb5oKYcsFHSppFNnsj/52OVTRKb4zP5onXwVF3zVmmToNcOfGC+CRDpfK/U584fMg38ZHCaElKQ=="],

    "color-name": ["color-name@1.1.4", "", {}, "sha512-dOy+3AuW3a2wNbZHIuMZpTcgjGuLU/uBL/ubcZF9OXbDo8ff4O8yVp5Bf0efS8uEoYo5q4Fx7dY9OgQGXgAsQA=="],

    "debug": ["debug@4.4.1", "", { "dependencies": { "ms": "2.1.3" } }, "sha512-KcKCqiftBJcZr++7ykoDIEwSa3XWowTfNPo92BYxjXiyYEVrUQh2aLyhxBCwww+heortUFxEJYcRzosstTEBYQ=="],

    "define-data-property": ["define-data-property@1.1.4", "", { "dependencies": { "es-define-property": "1.0.1", "es-errors": "1.3.0", "gopd": "1.2.0" } }, "sha512-rBMvIzlpA8v6E+SJZoo++HAYqsLrkg7MSfIinMPFhmkorw7X+dOXVJQs+QT69zGkzMyfDnIMN2Wid1+NbL3T+A=="],

    "dunder-proto": ["dunder-proto@1.0.1", "", { "dependencies": { "call-bind-apply-helpers": "1.0.1", "es-errors": "1.3.0", "gopd": "1.2.0" } }, "sha512-KIN/nDJBQRcXw0MLVhZE9iQHmG68qAVIBg9CqmUYjmQIhgij9U5MFvrqkUL5FbtyyzZuOeOt0zdeRe4UY7ct+A=="],

    "emoji-regex": ["emoji-regex@8.0.0", "", {}, "sha512-MSjYzcWNOA0ewAHpz0MxpYFvwg6yjy1NG3xteoqz644VCo/RPgnr1/GGt+ic3iJTzQ8Eu3TdM14SawnVUmGE6A=="],

    "entities": ["entities@7.0.1", "", {}, "sha512-TWrgLOFUQTH994YUyl1yT4uyavY5nNB5muff+RtWaqNVCAK408b5ZnnbNAUEWLTCpum9w6arT70i1XdQ4UeOPA=="],

    "es-define-property": ["es-define-property@1.0.1", "", {}, "sha512-e3nRfgfUZ4rNGL232gUgX06QNyyez04KdjFrF+LTRoOXmrOgFKDg4BCdsjW8EnT69eqdYGmRpJwiPVYNrCaW3g=="],

    "es-errors": ["es-errors@1.3.0", "", {}, "sha512-Zf5H2Kxt2xjTvbJvP2ZWLEICxA6j+hAmMzIlypy4xcBg1vKVnx89Wy0GbS+kf5cwCVFFzdCFh2XSCFNULS6csw=="],

    "es-object-atoms": ["es-object-atoms@1.1.0", "", { "dependencies": { "es-errors": "1.3.0" } }, "sha512-Ujz8Al/KfOVR7fkaghAB1WvnLsdYxHDWmfoi2vlA2jZWRg31XhIC1a4B+/I24muD8iSbHxJ1JkrfqmWb65P/Mw=="],

    "escalade": ["escalade@3.2.0", "", {}, "sha512-WUj2qlxaQtO4g6Pq5c29GTcWGDyd8itL8zTlipgECz3JesAiiOKotd8JU6otB3PACgG6xkJUyVhboMS+bje/jA=="],

    "exit": ["exit@0.1.2", "", {}, "sha512-Zk/eNKV2zbjpKzrsQ+n1G6poVbErQxJ0LBOJXaKZ1EViLzH+hrLu9cdXI4zw9dBQJslwBEpbQ2P1oS7nDxs6jQ=="],

    "fast-glob": ["fast-glob@3.3.3", "", { "dependencies": { "@nodelib/fs.stat": "2.0.5", "@nodelib/fs.walk": "1.2.8", "glob-parent": "5.1.2", "merge2": "1.4.1", "micromatch": "4.0.8" } }, "sha512-7MptL8U0cqcFdzIzwOTHoilX9x5BrNqye7Z/LuC7kCMRio1EMSyqRK3BEAUD7sXRq4iT4AzTVuZdhgQ2TCvYLg=="],

    "fastq": ["fastq@1.18.0", "", { "dependencies": { "reusify": "1.0.4" } }, "sha512-QKHXPW0hD8g4UET03SdOdunzSouc9N4AuHdsX8XNcTsuz+yYFILVNIX4l9yHABMhiEI9Db0JTTIpu0wB+Y1QQw=="],

    "fill-range": ["fill-range@7.1.1", "", { "dependencies": { "to-regex-range": "5.0.1" } }, "sha512-YsGpe3WHLK8ZYi4tWDg2Jy3ebRz2rXowDxnld4bkQB00cc/1Zw9AWnC0i9ztDJitivtQvaI9KaLyKrc+hBW0yg=="],

    "for-each": ["for-each@0.3.3", "", { "dependencies": { "is-callable": "1.2.7" } }, "sha512-jqYfLp7mo9vIyQf8ykW2v7A+2N4QjeCeI5+Dz9XraiO1ign81wjiH7Fb9vSOWvQfNtmSa4H2RoQTrrXivdUZmw=="],

    "function-bind": ["function-bind@1.1.2", "", {}, "sha512-7XHNxH7qX9xG5mIwxkhumTox/MIRNcOgDrxWsMt2pAr23WHp6MrRlN7FBSFpCpr+oVO0F744iUgR82nJMfG2SA=="],

    "get-caller-file": ["get-caller-file@2.0.5", "", {}, "sha512-DyFP3BM/3YHTQOCUL/w0OZHR0lpKeGrxotcHWcqNEdnltqFwXVfhEBQ94eIo34AfQpo0rGki4cyIiftY06h2Fg=="],

    "get-intrinsic": ["get-intrinsic@1.2.7", "", { "dependencies": { "call-bind-apply-helpers": "1.0.1", "es-define-property": "1.0.1", "es-errors": "1.3.0", "es-object-atoms": "1.1.1", "function-bind": "1.1.2", "get-proto": "1.0.1", "gopd": "1.2.0", "has-symbols": "1.1.0", "hasown": "2.0.2", "math-intrinsics": "1.1.0" } }, "sha512-VW6Pxhsrk0KAOqs3WEd0klDiF/+V7gQOpAvY1jVU/LHmaD/kQO4523aiJuikX/QAKYiW6x8Jh+RJej1almdtCA=="],

    "get-proto": ["get-proto@1.0.1", "", { "dependencies": { "dunder-proto": "1.0.1", "es-object-atoms": "1.1.0" } }, "sha512-sTSfBjoXBp89JvIKIefqw7U2CCebsc74kiY6awiGogKtoSGbgjYE/G/+l9sF3MWFPNc9IcoOC4ODfKHfxFmp0g=="],

    "glob-parent": ["glob-parent@5.1.2", "", { "dependencies": { "is-glob": "4.0.3" } }, "sha512-AOIgSQCepiJYwP3ARnGx+5VnTu2HBYdzbGP45eLw1vr3zB3vZLeyed1sC9hnbcOc9/SrMyM5RPQrkGz4aS9Zow=="],

    "gopd": ["gopd@1.2.0", "", {}, "sha512-ZUKRh6/kUFoAiTAtTYPZJ3hw9wNxx+BIBOijnlG9PnrJsCcSjs1wyyD6vJpaYtgnzDrKYRSqf3OO6Rfa93xsRg=="],

    "happy-dom": ["happy-dom@20.11.1", "", { "dependencies": { "@types/node": ">=20.0.0", "@types/whatwg-mimetype": "^3.0.2", "@types/ws": "^8.18.1", "buffer-image-size": "^0.6.4", "entities": "^7.0.1", "whatwg-mimetype": "^3.0.0", "ws": "^8.21.0" } }, "sha512-XSt8tMzbW9ymE7687xztkO1ckR7qJNQ3LywY9vlYGhGi3zXrGBHuUo2Cl1ztZaICW+1eAGdkLbj6iwVqDT33kg=="],

    "has-flag": ["has-flag@4.0.0", "", {}, "sha512-EykJT/Q1KjTWctppgIAgfSO0tKVuZUjhgMr17kqTumMl6Afv3EISleU7qZUzoXDFTAHTDC4NOoG/ZxU3EvlMPQ=="],

    "has-property-descriptors": ["has-property-descriptors@1.0.2", "", { "dependencies": { "es-define-property": "1.0.1" } }, "sha512-55JNKuIW+vq4Ke1BjOTjM2YctQIvCT7GFzHwmfZPGo5wnrgkid0YQtnAleFSqumZm4az3n2BS+erby5ipJdgrg=="],

    "has-symbols": ["has-symbols@1.1.0", "", {}, "sha512-1cDNdwJ2Jaohmb3sg4OmKaMBwuC48sYni5HUw2DvsC8LjGTLK9h+eb1X6RyuOHe4hT0ULCW68iomhjUoKUqlPQ=="],

    "has-tostringtag": ["has-tostringtag@1.0.2", "", { "dependencies": { "has-symbols": "1.1.0" } }, "sha512-NqADB8VjPFLM2V0VvHUewwwsw0ZWBaIdgo+ieHtK3hasLz4qeCRjYcqfB6AQrBggRKppKF8L52/VqdVsO47Dlw=="],

    "hasown": ["hasown@2.0.2", "", { "dependencies": { "function-bind": "1.1.2" } }, "sha512-0hJU9SCPvmMzIBdZFqNPXWa6dqh7WdH0cII9y+CyS8rG3nL48Bclra9HmKhVVUHyPWNH5Y7xDwAB7bfgSjkUMQ=="],

    "inherits": ["inherits@2.0.4", "", {}, "sha512-k/vGaX4/Yla3WzyMCvTQOXYeIHvqOKtnqBduzTHpzpQZzAskKMhZ2K+EnBiSM9zGSoIFeMpXKxa4dYeZIQqewQ=="],

    "is-arguments": ["is-arguments@1.2.0", "", { "dependencies": { "call-bound": "1.0.3", "has-tostringtag": "1.0.2" } }, "sha512-7bVbi0huj/wrIAOzb8U1aszg9kdi3KN/CyU19CTI7tAoZYEZoL9yCDXpbXN+uPsuWnP02cyug1gleqq+TU+YCA=="],

    "is-callable": ["is-callable@1.2.7", "", {}, "sha512-1BC0BVFhS/p0qtw6enp8e+8OD0UrK0oFLztSjNzhcKA3WDuJxxAPXzPuPtKkjEY9UUoEWlX/8fgKeu2S8i9JTA=="],

    "is-extglob": ["is-extglob@2.1.1", "", {}, "sha512-SbKbANkN603Vi4jEZv49LeVJMn4yGwsbzZworEoyEiutsN3nJYdbO36zfhGJ6QEDpOZIFkDtnq5JRxmvl3jsoQ=="],

    "is-fullwidth-code-point": ["is-fullwidth-code-point@3.0.0", "", {}, "sha512-zymm5+u+sCsSWyD9qNaejV3DFvhCKclKdizYaJUuHA83RLjb7nSuGnddCHGv0hk+KY7BMAlsWeK4Ueg6EV6XQg=="],

    "is-generator-function": ["is-generator-function@1.1.0", "", { "dependencies": { "call-bound": "1.0.3", "get-proto": "1.0.1", "has-tostringtag": "1.0.2", "safe-regex-test": "1.1.0" } }, "sha512-nPUB5km40q9e8UfN/Zc24eLlzdSf9OfKByBw9CIdw4H1giPMeA0OIJvbchsCu4npfI2QcMVBsGEBHKZ7wLTWmQ=="],

    "is-glob": ["is-glob@4.0.3", "", { "dependencies": { "is-extglob": "2.1.1" } }, "sha512-xelSayHH36ZgE7ZWhli7pW34hNbNl8Ojv5KVmkJD4hBdD3th8Tfk9vYasLM+mXWOZhFkgZfxhLSnrwRr4elSSg=="],

    "is-number": ["is-number@7.0.0", "", {}, "sha512-41Cifkg6e8TylSpdtTpeLVMqvSBEVzTttHvERD741+pnZ8ANv0004MRL43QKPDlK9cGvNp6NZWZUBlbGXYxxng=="],

    "is-regex": ["is-regex@1.2.1", "", { "dependencies": { "call-bound": "1.0.3", "gopd": "1.2.0", "has-tostringtag": "1.0.2", "hasown": "2.0.2" } }, "sha512-MjYsKHO5O7mCsmRGxWcLWheFqN9DJ/2TmngvjKXihe6efViPqc274+Fx/4fYj/r03+ESvBdTXK0V6tA3rgez1g=="],

    "is-typed-array": ["is-typed-array@1.1.15", "", { "dependencies": { "which-typed-array": "1.1.18" } }, "sha512-p3EcsicXjit7SaskXHs1hA91QxgTw46Fv6EFKKGS5DRFLD8yKnohjF3hxoju94b/OcMZoQukzpPpBE9uLVKzgQ=="],

    "jsonparse": ["jsonparse@1.3.1", "", {}, "sha512-POQXvpdL69+CluYsillJ7SUhKvytYjW9vG/GKpnf+xP8UWgYEM/RaMzHHofbALDiKbbP1W8UEYmgGl39WkPZsg=="],

    "jsonstream-next": ["jsonstream-next@3.0.0", "", { "dependencies": { "jsonparse": "1.3.1", "through2": "4.0.2" }, "bin": { "jsonstream-next": "bin.js" } }, "sha512-aAi6oPhdt7BKyQn1SrIIGZBt0ukKuOUE1qV6kJ3GgioSOYzsRc8z9Hfr1BVmacA/jLe9nARfmgMGgn68BqIAgg=="],

    "loglevel": ["loglevel@1.9.2", "", {}, "sha512-HgMmCqIJSAKqo68l0rS2AanEWfkxaZ5wNiEFb5ggm08lDs9Xl2KxBlX3PTcaD2chBM1gXAYf491/M2Rv8Jwayg=="],

    "math-intrinsics": ["math-intrinsics@1.1.0", "", {}, "sha512-/IXtbwEk5HTPyEwyKX6hGkYXxM9nbj64B+ilVJnC/R6B0pH5G4V3b0pVbL7DBj4tkhBAppbQUlf6F6Xl9LHu1g=="],

    "merge2": ["merge2@1.4.1", "", {}, "sha512-8q7VEgMJW4J8tcfVPy8g09NcQwZdbwFEqhe/WZkoIzjn/3TGDwtOCYtXGxA3O8tPzpczCCDgv+P2P5y00ZJOOg=="],

    "micromatch": ["micromatch@4.0.8", "", { "dependencies": { "braces": "3.0.3", "picomatch": "2.3.1" } }, "sha512-PXwfBhYu0hBCPw8Dn0E+WDYb7af3dSLVWKi3HGv84IdF4TyFoC0ysxFd0Goxw7nSv4T/PzEJQxsYsEiFCKo2BA=="],

    "minimatch": ["minimatch@10.0.1", "", { "dependencies": { "brace-expansion": "2.0.1" } }, "sha512-ethXTt3SGGR+95gudmqJ1eNhRO7eGEGIgYA9vnPatK4/etz2MEVDno5GMCibdMTuBMyElzIlgxMna3K94XDIDQ=="],

    "ms": ["ms@2.1.3", "", {}, "sha512-6FlzubTLZG3J2a/NVCAleEhjzq5oxgHyaCU9yYXvcLsvoVaHJq/s5xXI6/XXP6tz7R9xAOtHnSO/tXtF3WRTlA=="],

    "p-limit": ["p-limit@3.1.0", "", { "dependencies": { "yocto-queue": "0.1.0" } }, "sha512-TYOanM3wGwNGsZN2cVTYPArw454xnXj5qmWF1bEoAc4+cU/ol7GVh7odevjp1FNHduHc3KZMcFduxU5Xc6uJRQ=="],

    "path-browserify": ["path-browserify@1.0.1", "", {}, "sha512-b7uo2UCUOYZcnF/3ID0lulOJi/bafxa1xPe7ZPsammBSpjSWQkjNxlt635YGS2MiR9GjvuXCtz2emr3jbsz98g=="],

    "picomatch": ["picomatch@2.3.1", "", {}, "sha512-JU3teHTNjmE2VCGFzuY8EXzCDVwEqB2a8fsIvwaStHhAWJEeVd1o1QD80CU6+ZdEXXSLbSsuLwJjkCBWqRQUVA=="],

    "possible-typed-array-names": ["possible-typed-array-names@1.0.0", "", {}, "sha512-d7Uw+eZoloe0EHDIYoe+bQ5WXnGMOpmiZFTuMWCwpjzzkL2nTjcKiAk4hh8TjnGye2TwWOk3UXucZ+3rbmBa8Q=="],

    "queue-microtask": ["queue-microtask@1.2.3", "", {}, "sha512-NuaNSa6flKT5JaSYQzJok04JzTL1CA6aGhv5rfLW3PgqA+M2ChpZQnAC8h8i4ZFkBS8X5RqkDBHA7r4hej3K9A=="],

    "readable-stream": ["readable-stream@3.6.2", "", { "dependencies": { "inherits": "2.0.4", "string_decoder": "1.3.0", "util-deprecate": "1.0.2" } }, "sha512-9u/sniCrY3D5WdsERHzHE4G2YCXqoG5FTHUiCC4SIbr6XcLZBY05ya9EKjYek9O5xOAwjGq+1JdGBAS7Q9ScoA=="],

    "require-directory": ["require-directory@2.1.1", "", {}, "sha512-fGxEI7+wsG9xrvdjsrlmL22OMTTiHRwAMroiEeMgq8gzoLC/PQr7RsRDSTLUg/bZAZtF+TVIkHc6/4RIKrui+Q=="],

    "reusify": ["reusify@1.0.4", "", {}, "sha512-U9nH88a3fc/ekCF1l0/UP1IosiuIjyTh7hBvXVMHYgVcfGvt897Xguj2UOLDeI5BG2m7/uwyaLVT6fbtCwTyzw=="],

    "run-parallel": ["run-parallel@1.2.0", "", { "dependencies": { "queue-microtask": "1.2.3" } }, "sha512-5l4VyZR86LZ/lDxZTR6jqL8AFE2S0IFLMP26AbjsLVADxHdhB/c0GUsH+y39UfCi3dzz8OlQuPmnaJOMoDHQBA=="],

    "safe-buffer": ["safe-buffer@5.2.1", "", {}, "sha512-rp3So07KcdmmKbGvgaNxQSJr7bGVSVk5S9Eq1F+ppbRo70+YeaDxkw5Dd8NPN+GD6bjnYm2VuPuCXmpuYvmCXQ=="],

    "safe-regex-test": ["safe-regex-test@1.1.0", "", { "dependencies": { "call-bound": "1.0.3", "es-errors": "1.3.0", "is-regex": "1.2.1" } }, "sha512-x/+Cz4YrimQxQccJf5mKEbIa1NzeCRNI5Ecl/ekmlYaampdNLPalVyIcCZNNH3MvmqBugV5TMYZXv0ljslUlaw=="],

    "semver": ["semver@7.7.2", "", { "bin": { "semver": "bin/semver.js" } }, "sha512-RF0Fw+rO5AMf9MAyaRXI4AV0Ulj5lMHqVxxdSgiVbixSCXoEmmX/jk0CuJw4+3SqroYO9VoUh+HcuJivvtJemA=="],

    "set-function-length": ["set-function-length@1.2.2", "", { "dependencies": { "define-data-property": "1.1.4", "es-errors": "1.3.0", "function-bind": "1.1.2", "get-intrinsic": "1.3.0", "gopd": "1.2.0", "has-property-descriptors": "1.0.2" } }, "sha512-pgRc4hJ4/sNjWCSS9AmnS40x3bNMDTknHgL5UaMBTMyJnU90EgWh1Rz+MC9eFu4BuN/UwZjKQuY/1v3rM7HMfg=="],

    "split2": ["split2@3.2.2", "", { "dependencies": { "readable-stream": "3.6.2" } }, "sha512-9NThjpgZnifTkJpzTZ7Eue85S49QwpNhZTq6GRJwObb6jnLFNGB7Qm73V5HewTROPyxD0C29xqmaI68bQtV+hg=="],

    "string-width": ["string-width@4.2.3", "", { "dependencies": { "emoji-regex": "8.0.0", "is-fullwidth-code-point": "3.0.0", "strip-ansi": "6.0.1" } }, "sha512-wKyQRQpjJ0sIp62ErSZdGsjMJWsap5oRNihHhu6G7JVO/9jIB6UyevL+tXuOqrng8j/cxKTWyWUwvSTriiZz/g=="],

    "string_decoder": ["string_decoder@1.3.0", "", { "dependencies": { "safe-buffer": "5.2.1" } }, "sha512-hkRX8U1WjJFd8LsDJ2yQ/wWWxaopEsABU1XfkM8A+j0+85JAGppt16cr1Whg6KIbb4okU6Mql6BOj+uup/wKeA=="],

    "strip-ansi": ["strip-ansi@6.0.1", "", { "dependencies": { "ansi-regex": "5.0.1" } }, "sha512-Y38VPSHcqkFrCpFnQ9vuSXmquuv5oXOKpGeT6aGrr3o3Gc9AlVa6JBfUSOCnbxGGZF+/0ooI7KrPuUSztUdU5A=="],

    "strip-json-comments": ["strip-json-comments@5.0.3", "", {}, "sha512-1tB5mhVo7U+ETBKNf92xT4hrQa3pm0MZ0PQvuDnWgAAGHDsfp4lPSpiS6psrSiet87wyGPh9ft6wmhOMQ0hDiw=="],

    "supports-color": ["supports-color@7.2.0", "", { "dependencies": { "has-flag": "4.0.0" } }, "sha512-qpCAvRl9stuOHveKsn7HncJRvv501qIacKzQlO/+Lwxc9+0q2wLyv4Dfvt80/DPn2pqOBsJdDiogXGR9+OvwRw=="],

    "through2": ["through2@4.0.2", "", { "dependencies": { "readable-stream": "3.6.2" } }, "sha512-iOqSav00cVxEEICeD7TjLB1sueEL+81Wpzp2bY17uZjZN0pWZPuo4suZ/61VujxmqSGFfgOcNuTZ85QJwNZQpw=="],

    "to-regex-range": ["to-regex-range@5.0.1", "", { "dependencies": { "is-number": "7.0.0" } }, "sha512-65P7iz6X5yEr1cwcgvQxbbIw7Uk3gOy5dIdtZ4rDveLqhrdJP+Li/Hx6tyK0NEb+2GCyneCMJiGqrADCSNk8sQ=="],

    "treeify": ["treeify@1.1.0", "", {}, "sha512-1m4RA7xVAJrSGrrXGs0L3YTwyvBs2S8PbRHaLZAkFw7JR8oIFwYtysxlBZhYIa7xSyiYJKZ3iGrrk55cGA3i9A=="],

    "ts-morph": ["ts-morph@26.0.0", "", { "dependencies": { "@ts-morph/common": "0.27.0", "code-block-writer": "13.0.3" } }, "sha512-ztMO++owQnz8c/gIENcM9XfCEzgoGphTv+nKpYNM1bgsdOVC/jRZuEBf6N+mLLDNg68Kl+GgUZfOySaRiG1/Ug=="],

    "typescript": ["typescript@7.0.2", "", { "optionalDependencies": { "@typescript/typescript-aix-ppc64": "7.0.2", "@typescript/typescript-darwin-arm64": "7.0.2", "@typescript/typescript-darwin-x64": "7.0.2", "@typescript/typescript-freebsd-arm64": "7.0.2", "@typescript/typescript-freebsd-x64": "7.0.2", "@typescript/typescript-linux-arm": "7.0.2", "@typescript/typescript-linux-arm64": "7.0.2", "@typescript/typescript-linux-loong64": "7.0.2", "@typescript/typescript-linux-mips64el": "7.0.2", "@typescript/typescript-linux-ppc64": "7.0.2", "@typescript/typescript-linux-riscv64": "7.0.2", "@typescript/typescript-linux-s390x": "7.0.2", "@typescript/typescript-linux-x64": "7.0.2", "@typescript/typescript-netbsd-arm64": "7.0.2", "@typescript/typescript-netbsd-x64": "7.0.2", "@typescript/typescript-openbsd-arm64": "7.0.2", "@typescript/typescript-openbsd-x64": "7.0.2", "@typescript/typescript-sunos-x64": "7.0.2", "@typescript/typescript-win32-arm64": "7.0.2", "@typescript/typescript-win32-x64": "7.0.2" }, "bin": { "tsc": "bin/tsc" } }, "sha512-8FYau96o3NKOhbjKi/qNvG/W5jhzxkbdm5sj9AbZ/5T5sWqn3hJgLfGx27sRKZWTvyzCP8dLRBTf5tBTSRVUNA=="],

    "undici-types": ["undici-types@6.21.0", "", {}, "sha512-iwDZqg0QAGrg9Rav5H4n0M64c3mkR59cJ6wQp+7C4nI0gsmExaedaYLNO44eT4AtBBwjbTiGPMlt2Md0T9H9JQ=="],

    "util": ["util@0.12.5", "", { "dependencies": { "inherits": "2.0.4", "is-arguments": "1.2.0", "is-generator-function": "1.1.0", "is-typed-array": "1.1.15", "which-typed-array": "1.1.18" } }, "sha512-kZf/K6hEIrWHI6XqOFUiiMa+79wE/D8Q+NCNAWclkyg3b4d2k7s0QGepNjiABc+aR3N1PAyHL7p6UcLY6LmrnA=="],

    "util-deprecate": ["util-deprecate@1.0.2", "", {}, "sha512-EPD5q1uXyFxJpCrLnCc1nHnq3gOa6DZBocAIiI2TaSCA7VCJ1UJDMagCzIkXNsUYfD1daK//LTEQ8xiIbrHtcw=="],

    "whatwg-mimetype": ["whatwg-mimetype@3.0.0", "", {}, "sha512-nt+N2dzIutVRxARx1nghPKGv1xHikU7HKdfafKkLNLindmPU/ch3U31NOCGGA/dmPcmb1VlofO0vnKAcsm0o/Q=="],

    "which-typed-array": ["which-typed-array@1.1.18", "", { "dependencies": { "available-typed-arrays": "1.0.7", "call-bind": "1.0.8", "call-bound": "1.0.3", "for-each": "0.3.3", "gopd": "1.2.0", "has-tostringtag": "1.0.2" } }, "sha512-qEcY+KJYlWyLH9vNbsr6/5j59AXk5ni5aakf8ldzBvGde6Iz4sxZGkJyWSAueTG7QhOvNRYb1lDdFmL5Td0QKA=="],

    "wrap-ansi": ["wrap-ansi@7.0.0", "", { "dependencies": { "ansi-styles": "4.3.0", "string-width": "4.2.3", "strip-ansi": "6.0.1" } }, "sha512-YVGIj2kamLSTxw6NsZjoBxfSwsn0ycdesmc4p+Q21c5zPuZ1pl+NfxVdxPtdHvmNVOQ6XSYG4AUtyt/Fi7D16Q=="],

    "ws": ["ws@8.21.1", "", { "peerDependencies": { "bufferutil": "^4.0.1", "utf-8-validate": ">=5.0.2" }, "optionalPeers": ["bufferutil", "utf-8-validate"] }, "sha512-+0NTnW77fFN/DjQi6k/Sq/Yvk4Sgajw7urW8V+asjXnRgDs9gyGkdb7EzgfhA4goXsRIZKE28fzIXBHEzhuiWw=="],

    "y18n": ["y18n@5.0.8", "", {}, "sha512-0pfFzegeDWJHJIAmTLRP2DwHjdF5s7jo9tuztdQxAhINCdvS+3nGINqPd00AphqJR/0LhANUS6/+7SCb98YOfA=="],

    "yaml": ["yaml@2.7.1", "", { "bin": { "yaml": "bin.mjs" } }, "sha512-10ULxpnOCQXxJvBgxsn9ptjq6uviG/htZKk9veJGhlqn3w/DxQ631zFF+nlQXLwmImeS5amR2dl2U8sg6U9jsQ=="],

    "yargs": ["yargs@16.2.0", "", { "dependencies": { "cliui": "7.0.4", "escalade": "3.2.0", "get-caller-file": "2.0.5", "require-directory": "2.1.1", "string-width": "4.2.3", "y18n": "5.0.8", "yargs-parser": "20.2.9" } }, "sha512-D1mvvtDG0L5ft/jGWkLpG1+m0eQxOfaBvTNELraWj22wSVUMWxZUvYgJYcKh6jGGIkJFhH4IZPQhR4TKpc8mBw=="],

    "yargs-parser": ["yargs-parser@20.2.9", "", {}, "sha512-y11nGElTIV+CT3Zv9t7VKl+Q3hTQoT9a1Qzezhhl6Rp21gJ/IVTW7Z3y9EWXhuUBC2Shnf+DX0antecpAwSP8w=="],

    "yocto-queue": ["yocto-queue@0.1.0", "", {}, "sha512-rVksvsnNCdJ/ohGc6xgPwyN8eheCxsiLM8mxuE/t/mOVqJewPuO1miLpTHQiRgTKCLexL4MeAFVagts7HmNZ2Q=="],

    "zod": ["zod@3.25.7", "", {}, "sha512-YGdT1cVRmKkOg6Sq7vY7IkxdphySKnXhaUmFI4r4FcuFVNgpCb9tZfNwXbT6BPjD5oz0nubFsoo9pIqKrDcCvg=="],

    "@bufbuild/protoplugin/@bufbuild/protobuf": ["@bufbuild/protobuf@2.2.5", "", {}, "sha512-/g5EzJifw5GF8aren8wZ/G5oMuPoGeS6MQD3ca8ddcvdXR5UELUfdTZITCGNhNXynY/AYl3Z4plmxdj/tRl/hQ=="],

    "@bufbuild/protoplugin/typescript": ["typescript@5.4.5", "", { "bin": { "tsc": "bin/tsc", "tsserver": "bin/tsserver" } }, "sha512-vcI4UpRgg81oIRUFwR0WSIHKt11nJ7SAVlYNIu+QpqeyXP+gpQJy/Z4+F0aGxSE4MqwjyXvW/TzgkLAx2AGHwQ=="],

    "@fig/autocomplete-helpers/semver": ["semver@7.6.3", "", { "bin": { "semver": "bin/semver.js" } }, "sha512-oVekP1cKtI+CTDvHWYFUcMtsK/00wmAEfyqKfNdARm8u1wNVhSgaX7A8d4UuIlUI5e84iEwOhs7ZPYRmzU9U6A=="],

    "@typescript/vfs/typescript": ["typescript@5.4.5", "", { "bin": { "tsc": "bin/tsc", "tsserver": "bin/tsserver" } }, "sha512-vcI4UpRgg81oIRUFwR0WSIHKt11nJ7SAVlYNIu+QpqeyXP+gpQJy/Z4+F0aGxSE4MqwjyXvW/TzgkLAx2AGHwQ=="],

    "@withfig/autocomplete/@fig/autocomplete-helpers": ["@fig/autocomplete-helpers@1.0.7", "", { "dependencies": { "semver": "7.7.2", "typescript": "4.9.5" } }, "sha512-5jq01q2JtaLAjl8t3hOvE9GOp4a4Agj7YmxlBxRjuSwJY3qskfx/mdAgOX2qjgxZ74bHONAxQ1hzudwSICqZFg=="],

    "get-intrinsic/es-object-atoms": ["es-object-atoms@1.1.1", "", { "dependencies": { "es-errors": "1.3.0" } }, "sha512-FGgH2h8zKNim9ljj7dankFPcICIK9Cp5bm+c2gQSYePhpaG5+esrLODihIorn+Pe6FGJzWhXQotPv73jTaldXA=="],

    "set-function-length/get-intrinsic": ["get-intrinsic@1.3.0", "", { "dependencies": { "call-bind-apply-helpers": "1.0.2", "es-define-property": "1.0.1", "es-errors": "1.3.0", "es-object-atoms": "1.1.1", "function-bind": "1.1.2", "get-proto": "1.0.1", "gopd": "1.2.0", "has-symbols": "1.1.0", "hasown": "2.0.2", "math-intrinsics": "1.1.0" } }, "sha512-9fSjSaos/fRIVIp+xSJlE6lfwhES7LNtKaCBIamHsjr2na1BiABJPo0mOjjz8GJDURarmCPGqaiVg5mfjb98CQ=="],

    "@withfig/autocomplete/@fig/autocomplete-helpers/typescript": ["typescript@4.9.5", "", { "bin": { "tsc": "bin/tsc", "tsserver": "bin/tsserver" } }, "sha512-1FXk9E2Hm+QzZQ7z+McJiHL4NW1F2EzMu9Nq9i3zAaGqibafqYwCVU6WyWAuyQRRzOlxou8xZSyXLEN8oKj24g=="],

    "set-function-length/get-intrinsic/call-bind-apply-helpers": ["call-bind-apply-helpers@1.0.2", "", { "dependencies": { "es-errors": "1.3.0", "function-bind": "1.1.2" } }, "sha512-Sp1ablJ0ivDkSzjcaJdxEunN5/XvksFJ2sMBFfq6x0ryhQV/2b/KwFe21cMpmHtPOSij8K99/wSfoEuTObmuMQ=="],

    "set-function-length/get-intrinsic/es-object-atoms": ["es-object-atoms@1.1.1", "", { "dependencies": { "es-errors": "1.3.0" } }, "sha512-FGgH2h8zKNim9ljj7dankFPcICIK9Cp5bm+c2gQSYePhpaG5+esrLODihIorn+Pe6FGJzWhXQotPv73jTaldXA=="],
  }
}
